// !$*UTF8*$!
{
	archiveVersion = 1;
	classes = {
	};
	objectVersion = 77;
	objects = {

/* Begin PBXBuildFile section */
		B009D39C2EF9AFA5000E5EFA /* PurchasesHybridCommon in Frameworks */ = {isa = PBXBuildFile; productRef = B009D39B2EF9AFA5000E5EFA /* PurchasesHybridCommon */; };
		B009D39E2EF9AFA5000E5EFA /* PurchasesHybridCommonUI in Frameworks */ = {isa = PBXBuildFile; productRef = B009D39D2EF9AFA5000E5EFA /* PurchasesHybridCommonUI */; };
		B03582252EE8AF20001F3E0C /* WidgetKit.framework in Frameworks */ = {isa = PBXBuildFile; fileRef = B03582242EE8AF20001F3E0C /* WidgetKit.framework */; };
		B03582272EE8AF20001F3E0C /* SwiftUI.framework in Frameworks */ = {isa = PBXBuildFile; fileRef = B03582262EE8AF20001F3E0C /* SwiftUI.framework */; };
		B03582362EE8AF21001F3E0C /* GoodtimeInProgressExtension.appex in Embed Foundation Extensions */ = {isa = PBXBuildFile; fileRef = B03582222EE8AF20001F3E0C /* GoodtimeInProgressExtension.appex */; settings = {ATTRIBUTES = (RemoveHeadersOnCopy, ); }; };
/* End PBXBuildFile section */

/* Begin PBXContainerItemProxy section */
		B03582342EE8AF21001F3E0C /* PBXContainerItemProxy */ = {
			isa = PBXContainerItemProxy;
			containerPortal = 92EC1546E1C2B9DE0A75E965 /* Project object */;
			proxyType = 1;
			remoteGlobalIDString = B03582212EE8AF20001F3E0C;
			remoteInfo = GoodtimeInProgressExtension;
		};
/* End PBXContainerItemProxy section */

/* Begin PBXCopyFilesBuildPhase section */
		B03582372EE8AF21001F3E0C /* Embed Foundation Extensions */ = {
			isa = PBXCopyFilesBuildPhase;
			buildActionMask = 2147483647;
			dstPath = "";
			dstSubfolderSpec = 13;
			files = (
				B03582362EE8AF21001F3E0C /* GoodtimeInProgressExtension.appex in Embed Foundation Extensions */,
			);
			name = "Embed Foundation Extensions";
			runOnlyForDeploymentPostprocessing = 0;
		};
/* End PBXCopyFilesBuildPhase section */

/* Begin PBXFileReference section */
		58DAC2B127839DEB1DE6CCB4 /* Goodtime: Pomodoro Timer.app */ = {isa = PBXFileReference; explicitFileType = wrapper.application; includeInIndex = 0; path = "Goodtime: Pomodoro Timer.app"; sourceTree = BUILT_PRODUCTS_DIR; };
		B03582222EE8AF20001F3E0C /* GoodtimeInProgressExtension.appex */ = {isa = PBXFileReference; explicitFileType = "wrapper.app-extension"; includeInIndex = 0; path = GoodtimeInProgressExtension.appex; sourceTree = BUILT_PRODUCTS_DIR; };
		B03582242EE8AF20001F3E0C /* WidgetKit.framework */ = {isa = PBXFileReference; lastKnownFileType = wrapper.framework; name = WidgetKit.framework; path = System/Library/Frameworks/WidgetKit.framework; sourceTree = SDKROOT; };
		B03582262EE8AF20001F3E0C /* SwiftUI.framework */ = {isa = PBXFileReference; lastKnownFileType = wrapper.framework; name = SwiftUI.framework; path = System/Library/Frameworks/SwiftUI.framework; sourceTree = SDKROOT; };
		B035823D2EE8AFB3001F3E0C /* GoodtimeInProgressExtension.entitlements */ = {isa = PBXFileReference; lastKnownFileType = text.plist.entitlements; path = GoodtimeInProgressExtension.entitlements; sourceTree = "<group>"; };
/* End PBXFileReference section */

/* Begin PBXFileSystemSynchronizedBuildFileExceptionSet section */
		7AD2465F4D1F91770AA78CE8 /* Exceptions for "iosApp" folder in "iosApp" target */ = {
			isa = PBXFileSystemSynchronizedBuildFileExceptionSet;
			membershipExceptions = (
				Info.plist,
			);
			target = 5D7099CC0E2E85192A701B54 /* iosApp */;
		};
		B035823B2EE8AF21001F3E0C /* Exceptions for "GoodtimeInProgress" folder in "GoodtimeInProgressExtension" target */ = {
			isa = PBXFileSystemSynchronizedBuildFileExceptionSet;
			membershipExceptions = (
				Info.plist,
			);
			target = B03582212EE8AF20001F3E0C /* GoodtimeInProgressExtension */;
		};
		B0C87F192EEAC4F700C09414 /* Exceptions for "GoodtimeInProgress" folder in "iosApp" target */ = {
			isa = PBXFileSystemSynchronizedBuildFileExceptionSet;
			membershipExceptions = (
				GoodtimeActivityAttributes.swift,
			);
			target = 5D7099CC0E2E85192A701B54 /* iosApp */;
		};
		B0EA28F32EE965C200BF5E80 /* Exceptions for "iosApp" folder in "GoodtimeInProgressExtension" target */ = {
			isa = PBXFileSystemSynchronizedBuildFileExceptionSet;
			membershipExceptions = (
				appIcon.icon,
			);
			target = B03582212EE8AF20001F3E0C /* GoodtimeInProgressExtension */;
		};
/* End PBXFileSystemSynchronizedBuildFileExceptionSet section */

/* Begin PBXFileSystemSynchronizedRootGroup section */
		AC3AD4EB3E6A4FC3071A7A72 /* Configuration */ = {
			isa = PBXFileSystemSynchronizedRootGroup;
			path = Configuration;
			sourceTree = "<group>";
		};
		B03582282EE8AF20001F3E0C /* GoodtimeInProgress */ = {
			isa = PBXFileSystemSynchronizedRootGroup;
			exceptions = (
				B0C87F192EEAC4F700C09414 /* Exceptions for "GoodtimeInProgress" folder in "iosApp" target */,
				B035823B2EE8AF21001F3E0C /* Exceptions for "GoodtimeInProgress" folder in "GoodtimeInProgressExtension" target */,
			);
			path = GoodtimeInProgress;
			sourceTree = "<group>";
		};
		CDA6EEC5E3D2ABACB2EDA409 /* iosApp */ = {
			isa = PBXFileSystemSynchronizedRootGroup;
			exceptions = (
				7AD2465F4D1F91770AA78CE8 /* Exceptions for "iosApp" folder in "iosApp" target */,
				B0EA28F32EE965C200BF5E80 /* Exceptions for "iosApp" folder in "GoodtimeInProgressExtension" target */,
			);
			path = iosApp;
			sourceTree = "<group>";
		};
/* End PBXFileSystemSynchronizedRootGroup section */

/* Begin PBXFrameworksBuildPhase section */
		99029CF6BAB3F07458F53127 /* Frameworks */ = {
			isa = PBXFrameworksBuildPhase;
			buildActionMask = 2147483647;
			files = (
				B009D39E2EF9AFA5000E5EFA /* PurchasesHybridCommonUI in Frameworks */,
				B009D39C2EF9AFA5000E5EFA /* PurchasesHybridCommon in Frameworks */,
			);
			runOnlyForDeploymentPostprocessing = 0;
		};
		B035821F2EE8AF20001F3E0C /* Frameworks */ = {
			isa = PBXFrameworksBuildPhase;
			buildActionMask = 2147483647;
			files = (
				B03582272EE8AF20001F3E0C /* SwiftUI.framework in Frameworks */,
				B03582252EE8AF20001F3E0C /* WidgetKit.framework in Frameworks */,
			);
			runOnlyForDeploymentPostprocessing = 0;
		};
/* End PBXFrameworksBuildPhase section */

/* Begin PBXGroup section */
		666F2D8804D1D00B58248C3F /* Products */ = {
			isa = PBXGroup;
			children = (
				58DAC2B127839DEB1DE6CCB4 /* Goodtime: Pomodoro Timer.app */,
				B03582222EE8AF20001F3E0C /* GoodtimeInProgressExtension.appex */,
			);
			name = Products;
			sourceTree = "<group>";
		};
		87BDAD7CED6A362CF6FFBEDB = {
			isa = PBXGroup;
			children = (
				B035823D2EE8AFB3001F3E0C /* GoodtimeInProgressExtension.entitlements */,
				AC3AD4EB3E6A4FC3071A7A72 /* Configuration */,
				CDA6EEC5E3D2ABACB2EDA409 /* iosApp */,
				B03582282EE8AF20001F3E0C /* GoodtimeInProgress */,
				B03582232EE8AF20001F3E0C /* Frameworks */,
				666F2D8804D1D00B58248C3F /* Products */,
			);
			sourceTree = "<group>";
		};
		B03582232EE8AF20001F3E0C /* Frameworks */ = {
			isa = PBXGroup;
			children = (
				B03582242EE8AF20001F3E0C /* WidgetKit.framework */,
				B03582262EE8AF20001F3E0C /* SwiftUI.framework */,
			);
			name = Frameworks;
			sourceTree = "<group>";
		};
/* End PBXGroup section */

/* Begin PBXNativeTarget section */
		5D7099CC0E2E85192A701B54 /* iosApp */ = {
			isa = PBXNativeTarget;
			buildConfigurationList = 02459E4C97F62770673C78E5 /* Build configuration list for PBXNativeTarget "iosApp" */;
			buildPhases = (
				FF2467677C6531CDFAE34987 /* Compile Kotlin Framework */,
				A38AEF07D963C07B8AEFA9EC /* Sources */,
				99029CF6BAB3F07458F53127 /* Frameworks */,
				C7861E0A11B595F4400F6C44 /* Resources */,
				B03582372EE8AF21001F3E0C /* Embed Foundation Extensions */,
			);
			buildRules = (
			);
			dependencies = (
				B03582352EE8AF21001F3E0C /* PBXTargetDependency */,
			);
			fileSystemSynchronizedGroups = (
				CDA6EEC5E3D2ABACB2EDA409 /* iosApp */,
			);
			name = iosApp;
			packageProductDependencies = (
				B009D39B2EF9AFA5000E5EFA /* PurchasesHybridCommon */,
				B009D39D2EF9AFA5000E5EFA /* PurchasesHybridCommonUI */,
			);
			productName = iosApp;
			productReference = 58DAC2B127839DEB1DE6CCB4 /* Goodtime: Pomodoro Timer.app */;
			productType = "com.apple.product-type.application";
		};
		B03582212EE8AF20001F3E0C /* GoodtimeInProgressExtension */ = {
			isa = PBXNativeTarget;
			buildConfigurationList = B035823A2EE8AF21001F3E0C /* Build configuration list for PBXNativeTarget "GoodtimeInProgressExtension" */;
			buildPhases = (
				B035821E2EE8AF20001F3E0C /* Sources */,
				B035821F2EE8AF20001F3E0C /* Frameworks */,
				B03582202EE8AF20001F3E0C /* Resources */,
			);
			buildRules = (
			);
			dependencies = (
			);
			fileSystemSynchronizedGroups = (
				B03582282EE8AF20001F3E0C /* GoodtimeInProgress */,
			);
			name = GoodtimeInProgressExtension;
			packageProductDependencies = (
			);
			productName = GoodtimeInProgressExtension;
			productReference = B03582222EE8AF20001F3E0C /* GoodtimeInProgressExtension.appex */;
			productType = "com.apple.product-type.app-extension";
		};
/* End PBXNativeTarget section */

/* Begin PBXProject section */
		92EC1546E1C2B9DE0A75E965 /* Project object */ = {
			isa = PBXProject;
			attributes = {
				BuildIndependentTargetsInParallel = 1;
				LastSwiftUpdateCheck = 2600;
				LastUpgradeCheck = 1620;
				TargetAttributes = {
					5D7099CC0E2E85192A701B54 = {
						CreatedOnToolsVersion = 16.2;
					};
					B03582212EE8AF20001F3E0C = {
						CreatedOnToolsVersion = 26.0;
					};
				};
			};
			buildConfigurationList = D82643F7B5A87B0E738BE805 /* Build configuration list for PBXProject "iosApp" */;
			developmentRegion = en;
			hasScannedForEncodings = 0;
			knownRegions = (
				en,
				Base,
			);
			mainGroup = 87BDAD7CED6A362CF6FFBEDB;
			minimizedProjectReferenceProxies = 1;
			packageReferences = (
				B009D39A2EF9AFA5000E5EFA /* XCRemoteSwiftPackageReference "purchases-hybrid-common" */,
			);
			preferredProjectObjectVersion = 77;
			productRefGroup = 666F2D8804D1D00B58248C3F /* Products */;
			projectDirPath = "";
			projectRoot = "";
			targets = (
				5D7099CC0E2E85192A701B54 /* iosApp */,
				B03582212EE8AF20001F3E0C /* GoodtimeInProgressExtension */,
			);
		};
/* End PBXProject section */

/* Begin PBXResourcesBuildPhase section */
		B03582202EE8AF20001F3E0C /* Resources */ = {
			isa = PBXResourcesBuildPhase;
			buildActionMask = 2147483647;
			files = (
			);
			runOnlyForDeploymentPostprocessing = 0;
		};
		C7861E0A11B595F4400F6C44 /* Resources */ = {
			isa = PBXResourcesBuildPhase;
			buildActionMask = 2147483647;
			files = (
			);
			runOnlyForDeploymentPostprocessing = 0;
		};
/* End PBXResourcesBuildPhase section */

/* Begin PBXShellScriptBuildPhase section */
		FF2467677C6531CDFAE34987 /* Compile Kotlin Framework */ = {
			isa = PBXShellScriptBuildPhase;
			alwaysOutOfDate = 1;
			buildActionMask = 2147483647;
			files = (
			);
			inputFileListPaths = (
			);
			inputPaths = (
			);
			name = "Compile Kotlin Framework";
			outputFileListPaths = (
			);
			outputPaths = (
			);
			runOnlyForDeploymentPostprocessing = 0;
			shellPath = /bin/sh;
			shellScript = "if [ \"YES\" = \"$OVERRIDE_KOTLIN_BUILD_IDE_SUPPORTED\" ]; then\n  echo \"Skipping Gradle build task invocation due to OVERRIDE_KOTLIN_BUILD_IDE_SUPPORTED environment variable set to \\\"YES\\\"\"\n  exit 0\nfi\ncd \"$SRCROOT/..\"\n./gradlew :composeApp:embedAndSignAppleFrameworkForXcode --info\n";
		};
/* End PBXShellScriptBuildPhase section */

/* Begin PBXSourcesBuildPhase section */
		A38AEF07D963C07B8AEFA9EC /* Sources */ = {
			isa = PBXSourcesBuildPhase;
			buildActionMask = 2147483647;
			files = (
			);
			runOnlyForDeploymentPostprocessing = 0;
		};
		B035821E2EE8AF20001F3E0C /* Sources */ = {
			isa = PBXSourcesBuildPhase;
			buildActionMask = 2147483647;
			files = (
			);
			runOnlyForDeploymentPostprocessing = 0;
		};
/* End PBXSourcesBuildPhase section */

/* Begin PBXTargetDependency section */
		B03582352EE8AF21001F3E0C /* PBXTargetDependency */ = {
			isa = PBXTargetDependency;
			target = B03582212EE8AF20001F3E0C /* GoodtimeInProgressExtension */;
			targetProxy = B03582342EE8AF21001F3E0C /* PBXContainerItemProxy */;
		};
/* End PBXTargetDependency section */

/* Begin XCBuildConfiguration section */
		1E54F92017A5D25116AC4A9C /* Debug */ = {
			isa = XCBuildConfiguration;
			baseConfigurationReferenceAnchor = AC3AD4EB3E6A4FC3071A7A72 /* Configuration */;
			baseConfigurationReferenceRelativePath = Config.xcconfig;
			buildSettings = {
				ARCHS = arm64;
				ASSETCATALOG_COMPILER_APPICON_NAME = appIcon;
				ASSETCATALOG_COMPILER_GLOBAL_ACCENT_COLOR_NAME = AccentColor;
				CODE_SIGN_ENTITLEMENTS = iosApp/iosApp.entitlements;
				CODE_SIGN_IDENTITY = "Apple Development";
				CODE_SIGN_STYLE = Automatic;
				DEVELOPMENT_ASSET_PATHS = "\"iosApp/Preview Content\"";
				DEVELOPMENT_TEAM = 37QGARZM85;
				ENABLE_PREVIEWS = YES;
				FRAMEWORK_SEARCH_PATHS = "\"$(SRCROOT)/../composeApp/build/xcode-frameworks/$(CONFIGURATION)/$(SDK_NAME)\"";
				GENERATE_INFOPLIST_FILE = YES;
				INFOPLIST_FILE = iosApp/Info.plist;
				INFOPLIST_KEY_CFBundleDisplayName = Goodtime;
				INFOPLIST_KEY_LSSupportsOpeningDocumentsInPlace = YES;
				INFOPLIST_KEY_NSCameraUsageDescription = "Goodtime needs access to the camera to use the flashlight for timer notifications.";
				INFOPLIST_KEY_NSSupportsLiveActivities = YES;
				INFOPLIST_KEY_NSSupportsLiveActivitiesFrequentUpdates = YES;
				INFOPLIST_KEY_UIApplicationSceneManifest_Generation = YES;
				INFOPLIST_KEY_UIApplicationSupportsIndirectInputEvents = YES;
				INFOPLIST_KEY_UILaunchScreen_Generation = YES;
				INFOPLIST_KEY_UISupportedInterfaceOrientations_iPad = "UIInterfaceOrientationPortrait UIInterfaceOrientationPortraitUpsideDown UIInterfaceOrientationLandscapeLeft UIInterfaceOrientationLandscapeRight";
				INFOPLIST_KEY_UISupportedInterfaceOrientations_iPhone = "UIInterfaceOrientationPortrait UIInterfaceOrientationLandscapeLeft UIInterfaceOrientationLandscapeRight";
				LD_RUNPATH_SEARCH_PATHS = (
					"$(inherited)",
					"@executable_path/Frameworks",
				);
				PROVISIONING_PROFILE_SPECIFIER = "";
				SWIFT_EMIT_LOC_STRINGS = YES;
				SWIFT_VERSION = 5.0;
				TARGETED_DEVICE_FAMILY = "1,2";
			};
			name = Debug;
		};
		828B9740B5B9C7298B7F4D37 /* Release */ = {
			isa = XCBuildConfiguration;
			baseConfigurationReferenceAnchor = AC3AD4EB3E6A4FC3071A7A72 /* Configuration */;
			baseConfigurationReferenceRelativePath = Config.xcconfig;
			buildSettings = {
				ALWAYS_SEARCH_USER_PATHS = NO;
				ASSETCATALOG_COMPILER_GENERATE_SWIFT_ASSET_SYMBOL_EXTENSIONS = YES;
				CLANG_ANALYZER_NONNULL = YES;
				CLANG_ANALYZER_NUMBER_OBJECT_CONVERSION = YES_AGGRESSIVE;
				CLANG_CXX_LANGUAGE_STANDARD = "gnu++20";
				CLANG_ENABLE_MODULES = YES;
				CLANG_ENABLE_OBJC_ARC = YES;
				CLANG_ENABLE_OBJC_WEAK = YES;
				CLANG_WARN_BLOCK_CAPTURE_AUTORELEASING = YES;
				CLANG_WARN_BOOL_CONVERSION = YES;
				CLANG_WARN_COMMA = YES;
				CLANG_WARN_CONSTANT_CONVERSION = YES;
				CLANG_WARN_DEPRECATED_OBJC_IMPLEMENTATIONS = YES;
				CLANG_WARN_DIRECT_OBJC_ISA_USAGE = YES_ERROR;
				CLANG_WARN_DOCUMENTATION_COMMENTS = YES;
				CLANG_WARN_EMPTY_BODY = YES;
				CLANG_WARN_ENUM_CONVERSION = YES;
				CLANG_WARN_INFINITE_RECURSION = YES;
				CLANG_WARN_INT_CONVERSION = YES;
				CLANG_WARN_NON_LITERAL_NULL_CONVERSION = YES;
				CLANG_WARN_OBJC_IMPLICIT_RETAIN_SELF = YES;
				CLANG_WARN_OBJC_LITERAL_CONVERSION = YES;
				CLANG_WARN_OBJC_ROOT_CLASS = YES_ERROR;
				CLANG_WARN_QUOTED_INCLUDE_IN_FRAMEWORK_HEADER = YES;
				CLANG_WARN_RANGE_LOOP_ANALYSIS = YES;
				CLANG_WARN_STRICT_PROTOTYPES = YES;
				CLANG_WARN_SUSPICIOUS_MOVE = YES;
				CLANG_WARN_UNGUARDED_AVAILABILITY = YES_AGGRESSIVE;
				CLANG_WARN_UNREACHABLE_CODE = YES;
				CLANG_WARN__DUPLICATE_METHOD_MATCH = YES;
				COPY_PHASE_STRIP = NO;
				DEBUG_INFORMATION_FORMAT = "dwarf-with-dsym";
				ENABLE_NS_ASSERTIONS = NO;
				ENABLE_STRICT_OBJC_MSGSEND = YES;
				ENABLE_USER_SCRIPT_SANDBOXING = NO;
				GCC_C_LANGUAGE_STANDARD = gnu17;
				GCC_NO_COMMON_BLOCKS = YES;
				GCC_WARN_64_TO_32_BIT_CONVERSION = YES;
				GCC_WARN_ABOUT_RETURN_TYPE = YES_ERROR;
				GCC_WARN_UNDECLARED_SELECTOR = YES;
				GCC_WARN_UNINITIALIZED_AUTOS = YES_AGGRESSIVE;
				GCC_WARN_UNUSED_FUNCTION = YES;
				GCC_WARN_UNUSED_VARIABLE = YES;
				IPHONEOS_DEPLOYMENT_TARGET = 18.2;
				LOCALIZATION_PREFERS_STRING_CATALOGS = YES;
				MTL_ENABLE_DEBUG_INFO = NO;
				MTL_FAST_MATH = YES;
				SDKROOT = iphoneos;
				SWIFT_COMPILATION_MODE = wholemodule;
				VALIDATE_PRODUCT = YES;
			};
			name = Release;
		};
		B03582382EE8AF21001F3E0C /* Debug */ = {
			isa = XCBuildConfiguration;
			baseConfigurationReferenceAnchor = AC3AD4EB3E6A4FC3071A7A72 /* Configuration */;
			baseConfigurationReferenceRelativePath = Config.xcconfig;
			buildSettings = {
				ASSETCATALOG_COMPILER_GLOBAL_ACCENT_COLOR_NAME = AccentColor;
				ASSETCATALOG_COMPILER_WIDGET_BACKGROUND_COLOR_NAME = WidgetBackground;
				CODE_SIGN_ENTITLEMENTS = GoodtimeInProgressExtension.entitlements;
				CODE_SIGN_IDENTITY = "Apple Development";
				CODE_SIGN_STYLE = Automatic;
				DEVELOPMENT_TEAM = 37QGARZM85;
				ENABLE_USER_SCRIPT_SANDBOXING = YES;
				GENERATE_INFOPLIST_FILE = YES;
				INFOPLIST_FILE = GoodtimeInProgress/Info.plist;
				INFOPLIST_KEY_CFBundleDisplayName = Goodtime;
				INFOPLIST_KEY_NSHumanReadableCopyright = "";
				IPHONEOS_DEPLOYMENT_TARGET = 26.0;
				LD_RUNPATH_SEARCH_PATHS = (
					"$(inherited)",
					"@executable_path/Frameworks",
					"@executable_path/../../Frameworks",
				);
				PRODUCT_BUNDLE_IDENTIFIER = app.goodtime.productivity.GoodtimeInProgress;
				PRODUCT_NAME = "$(TARGET_NAME)";
				SKIP_INSTALL = YES;
				STRING_CATALOG_GENERATE_SYMBOLS = YES;
				SWIFT_APPROACHABLE_CONCURRENCY = YES;
				SWIFT_EMIT_LOC_STRINGS = YES;
				SWIFT_UPCOMING_FEATURE_MEMBER_IMPORT_VISIBILITY = YES;
				SWIFT_VERSION = 5.0;
				TARGETED_DEVICE_FAMILY = "1,2";
			};
			name = Debug;
		};
		B03582392EE8AF21001F3E0C /* Release */ = {
			isa = XCBuildConfiguration;
			baseConfigurationReferenceAnchor = AC3AD4EB3E6A4FC3071A7A72 /* Configuration */;
			baseConfigurationReferenceRelativePath = Config.xcconfig;
			buildSettings = {
				ASSETCATALOG_COMPILER_GLOBAL_ACCENT_COLOR_NAME = AccentColor;
				ASSETCATALOG_COMPILER_WIDGET_BACKGROUND_COLOR_NAME = WidgetBackground;
				CODE_SIGN_ENTITLEMENTS = GoodtimeInProgressExtension.entitlements;
				CODE_SIGN_IDENTITY = "Apple Development";
				CODE_SIGN_STYLE = Automatic;
				DEVELOPMENT_TEAM = 37QGARZM85;
				ENABLE_USER_SCRIPT_SANDBOXING = YES;
				GENERATE_INFOPLIST_FILE = YES;
				INFOPLIST_FILE = GoodtimeInProgress/Info.plist;
				INFOPLIST_KEY_CFBundleDisplayName = Goodtime;
				INFOPLIST_KEY_NSHumanReadableCopyright = "";
				IPHONEOS_DEPLOYMENT_TARGET = 26.0;
				LD_RUNPATH_SEARCH_PATHS = (
					"$(inherited)",
					"@executable_path/Frameworks",
					"@executable_path/../../Frameworks",
				);
				PRODUCT_BUNDLE_IDENTIFIER = app.goodtime.productivity.GoodtimeInProgress;
				PRODUCT_NAME = "$(TARGET_NAME)";
				SKIP_INSTALL = YES;
				STRING_CATALOG_GENERATE_SYMBOLS = YES;
				SWIFT_APPROACHABLE_CONCURRENCY = YES;
				SWIFT_EMIT_LOC_STRINGS = YES;
				SWIFT_UPCOMING_FEATURE_MEMBER_IMPORT_VISIBILITY = YES;
				SWIFT_VERSION = 5.0;
				TARGETED_DEVICE_FAMILY = "1,2";
			};
			name = Release;
		};
		CE25F29F62A4B91771D76146 /* Debug */ = {
			isa = XCBuildConfiguration;
			baseConfigurationReferenceAnchor = AC3AD4EB3E6A4FC3071A7A72 /* Configuration */;
			baseConfigurationReferenceRelativePath = Config.xcconfig;
			buildSettings = {
				ALWAYS_SEARCH_USER_PATHS = NO;
				ASSETCATALOG_COMPILER_GENERATE_SWIFT_ASSET_SYMBOL_EXTENSIONS = YES;
				CLANG_ANALYZER_NONNULL = YES;
				CLANG_ANALYZER_NUMBER_OBJECT_CONVERSION = YES_AGGRESSIVE;
				CLANG_CXX_LANGUAGE_STANDARD = "gnu++20";
				CLANG_ENABLE_MODULES = YES;
				CLANG_ENABLE_OBJC_ARC = YES;
				CLANG_ENABLE_OBJC_WEAK = YES;
				CLANG_WARN_BLOCK_CAPTURE_AUTORELEASING = YES;
				CLANG_WARN_BOOL_CONVERSION = YES;
				CLANG_WARN_COMMA = YES;
				CLANG_WARN_CONSTANT_CONVERSION = YES;
				CLANG_WARN_DEPRECATED_OBJC_IMPLEMENTATIONS = YES;
				CLANG_WARN_DIRECT_OBJC_ISA_USAGE = YES_ERROR;
				CLANG_WARN_DOCUMENTATION_COMMENTS = YES;
				CLANG_WARN_EMPTY_BODY = YES;
				CLANG_WARN_ENUM_CONVERSION = YES;
				CLANG_WARN_INFINITE_RECURSION = YES;
				CLANG_WARN_INT_CONVERSION = YES;
				CLANG_WARN_NON_LITERAL_NULL_CONVERSION = YES;
				CLANG_WARN_OBJC_IMPLICIT_RETAIN_SELF = YES;
				CLANG_WARN_OBJC_LITERAL_CONVERSION = YES;
				CLANG_WARN_OBJC_ROOT_CLASS = YES_ERROR;
				CLANG_WARN_QUOTED_INCLUDE_IN_FRAMEWORK_HEADER = YES;
				CLANG_WARN_RANGE_LOOP_ANALYSIS = YES;
				CLANG_WARN_STRICT_PROTOTYPES = YES;
				CLANG_WARN_SUSPICIOUS_MOVE = YES;
				CLANG_WARN_UNGUARDED_AVAILABILITY = YES_AGGRESSIVE;
				CLANG_WARN_UNREACHABLE_CODE = YES;
				CLANG_WARN__DUPLICATE_METHOD_MATCH = YES;
				COPY_PHASE_STRIP = NO;
				DEBUG_INFORMATION_FORMAT = dwarf;
				ENABLE_STRICT_OBJC_MSGSEND = YES;
				ENABLE_TESTABILITY = YES;
				ENABLE_USER_SCRIPT_SANDBOXING = NO;
				GCC_C_LANGUAGE_STANDARD = gnu17;
				GCC_DYNAMIC_NO_PIC = NO;
				GCC_NO_COMMON_BLOCKS = YES;
				GCC_OPTIMIZATION_LEVEL = 0;
				GCC_PREPROCESSOR_DEFINITIONS = (
					"DEBUG=1",
					"$(inherited)",
				);
				GCC_WARN_64_TO_32_BIT_CONVERSION = YES;
				GCC_WARN_ABOUT_RETURN_TYPE = YES_ERROR;
				GCC_WARN_UNDECLARED_SELECTOR = YES;
				GCC_WARN_UNINITIALIZED_AUTOS = YES_AGGRESSIVE;
				GCC_WARN_UNUSED_FUNCTION = YES;
				GCC_WARN_UNUSED_VARIABLE = YES;
				IPHONEOS_DEPLOYMENT_TARGET = 18.2;
				LOCALIZATION_PREFERS_STRING_CATALOGS = YES;
				MTL_ENABLE_DEBUG_INFO = INCLUDE_SOURCE;
				MTL_FAST_MATH = YES;
				ONLY_ACTIVE_ARCH = YES;
				SDKROOT = iphoneos;
				SWIFT_ACTIVE_COMPILATION_CONDITIONS = "DEBUG $(inherited)";
				SWIFT_OPTIMIZATION_LEVEL = "-Onone";
			};
			name = Debug;
		};
		DCA4E23A78D55666DEE3CAAA /* Release */ = {
			isa = XCBuildConfiguration;
			baseConfigurationReferenceAnchor = AC3AD4EB3E6A4FC3071A7A72 /* Configuration */;
			baseConfigurationReferenceRelativePath = Config.xcconfig;
			buildSettings = {
				ARCHS = arm64;
				ASSETCATALOG_COMPILER_APPICON_NAME = appIcon;
				ASSETCATALOG_COMPILER_GLOBAL_ACCENT_COLOR_NAME = AccentColor;
				CODE_SIGN_ENTITLEMENTS = iosApp/iosApp.entitlements;
				CODE_SIGN_IDENTITY = "Apple Development";
				CODE_SIGN_STYLE = Automatic;
				DEVELOPMENT_ASSET_PATHS = "\"iosApp/Preview Content\"";
				DEVELOPMENT_TEAM = 37QGARZM85;
				ENABLE_PREVIEWS = YES;
				FRAMEWORK_SEARCH_PATHS = "\"$(SRCROOT)/../composeApp/build/xcode-frameworks/$(CONFIGURATION)/$(SDK_NAME)\"";
				GENERATE_INFOPLIST_FILE = YES;
				INFOPLIST_FILE = iosApp/Info.plist;
				INFOPLIST_KEY_CFBundleDisplayName = Goodtime;
				INFOPLIST_KEY_LSSupportsOpeningDocumentsInPlace = YES;
				INFOPLIST_KEY_NSCameraUsageDescription = "Goodtime needs access to the camera to use the flashlight for timer notifications.";
				INFOPLIST_KEY_NSSupportsLiveActivities = YES;
				INFOPLIST_KEY_NSSupportsLiveActivitiesFrequentUpdates = YES;
				INFOPLIST_KEY_UIApplicationSceneManifest_Generation = YES;
				INFOPLIST_KEY_UIApplicationSupportsIndirectInputEvents = YES;
				INFOPLIST_KEY_UILaunchScreen_Generation = YES;
				INFOPLIST_KEY_UISupportedInterfaceOrientations_iPad = "UIInterfaceOrientationPortrait UIInterfaceOrientationPortraitUpsideDown UIInterfaceOrientationLandscapeLeft UIInterfaceOrientationLandscapeRight";
				INFOPLIST_KEY_UISupportedInterfaceOrientations_iPhone = "UIInterfaceOrientationPortrait UIInterfaceOrientationLandscapeLeft UIInterfaceOrientationLandscapeRight";
				LD_RUNPATH_SEARCH_PATHS = (
					"$(inherited)",
					"@executable_path/Frameworks",
				);
				PROVISIONING_PROFILE_SPECIFIER = "";
				SWIFT_EMIT_LOC_STRINGS = YES;
				SWIFT_VERSION = 5.0;
				TARGETED_DEVICE_FAMILY = "1,2";
			};
			name = Release;
		};
/* End XCBuildConfiguration section */

/* Begin XCConfigurationList section */
		02459E4C97F62770673C78E5 /* Build configuration list for PBXNativeTarget "iosApp" */ = {
			isa = XCConfigurationList;
			buildConfigurations = (
				1E54F92017A5D25116AC4A9C /* Debug */,
				DCA4E23A78D55666DEE3CAAA /* Release */,
			);
			defaultConfigurationIsVisible = 0;
			defaultConfigurationName = Release;
		};
		B035823A2EE8AF21001F3E0C /* Build configuration list for PBXNativeTarget "GoodtimeInProgressExtension" */ = {
			isa = XCConfigurationList;
			buildConfigurations = (
				B03582382EE8AF21001F3E0C /* Debug */,
				B03582392EE8AF21001F3E0C /* Release */,
			);
			defaultConfigurationIsVisible = 0;
			defaultConfigurationName = Release;
		};
		D82643F7B5A87B0E738BE805 /* Build configuration list for PBXProject "iosApp" */ = {
			isa = XCConfigurationList;
			buildConfigurations = (
				CE25F29F62A4B91771D76146 /* Debug */,
				828B9740B5B9C7298B7F4D37 /* Release */,
			);
			defaultConfigurationIsVisible = 0;
			defaultConfigurationName = Release;
		};
/* End XCConfigurationList section */

/* Begin XCRemoteSwiftPackageReference section */
		B009D39A2EF9AFA5000E5EFA /* XCRemoteSwiftPackageReference "purchases-hybrid-common" */ = {
			isa = XCRemoteSwiftPackageReference;
			repositoryURL = "https://github.com/RevenueCat/purchases-hybrid-common";
			requirement = {
				kind = exactVersion;
				version = 17.26.1;
			};
		};
/* End XCRemoteSwiftPackageReference section */

/* Begin XCSwiftPackageProductDependency section */
		B009D39B2EF9AFA5000E5EFA /* PurchasesHybridCommon */ = {
			isa = XCSwiftPackageProductDependency;
			package = B009D39A2EF9AFA5000E5EFA /* XCRemoteSwiftPackageReference "purchases-hybrid-common" */;
			productName = PurchasesHybridCommon;
		};
		B009D39D2EF9AFA5000E5EFA /* PurchasesHybridCommonUI */ = {
			isa = XCSwiftPackageProductDependency;
			package = B009D39A2EF9AFA5000E5EFA /* XCRemoteSwiftPackageReference "purchases-hybrid-common" */;
			productName = PurchasesHybridCommonUI;
		};
/* End XCSwiftPackageProductDependency section */
	};
	rootObject = 92EC1546E1C2B9DE0A75E965 /* Project object */;
}
